// !$*UTF8*$!
{
	archiveVersion = 1;
	classes = {
	};
	objectVersion = 50;
	objects = {

/* Begin PBXBuildFile section */
		BBDB541B2087834400C43C5D /* AppDelegate.swift in Sources */ = {isa = PBXBuildFile; fileRef = BBDB541A2087834400C43C5D /* AppDelegate.swift */; };
		BBDB541D2087834400C43C5D /* ViewController.swift in Sources */ = {isa = PBXBuildFile; fileRef = BBDB541C2087834400C43C5D /* ViewController.swift */; };
		BBDB54202087834400C43C5D /* Main.storyboard in Resources */ = {isa = PBXBuildFile; fileRef = BBDB541E2087834400C43C5D /* Main.storyboard */; };
		BBDB54222087834700C43C5D /* Assets.xcassets in Resources */ = {isa = PBXBuildFile; fileRef = BBDB54212087834700C43C5D /* Assets.xcassets */; };
		BBDB54252087834700C43C5D /* LaunchScreen.storyboard in Resources */ = {isa = PBXBuildFile; fileRef = BBDB54232087834700C43C5D /* LaunchScreen.storyboard */; };
		BBDB54302087834700C43C5D /* app_cemigTests.swift in Sources */ = {isa = PBXBuildFile; fileRef = BBDB542F2087834700C43C5D /* app_cemigTests.swift */; };
		BBDB543B2087834700C43C5D /* app_cemigUITests.swift in Sources */ = {isa = PBXBuildFile; fileRef = BBDB543A2087834700C43C5D /* app_cemigUITests.swift */; };
/* End PBXBuildFile section */

/* Begin PBXContainerItemProxy section */
		BBDB542C2087834700C43C5D /* PBXContainerItemProxy */ = {
			isa = PBXContainerItemProxy;
			containerPortal = BBDB540F2087834400C43C5D /* Project object */;
			proxyType = 1;
			remoteGlobalIDString = BBDB54162087834400C43C5D;
			remoteInfo = app_cemig;
		};
		BBDB54372087834700C43C5D /* PBXContainerItemProxy */ = {
			isa = PBXContainerItemProxy;
			containerPortal = BBDB540F2087834400C43C5D /* Project object */;
			proxyType = 1;
			remoteGlobalIDString = BBDB54162087834400C43C5D;
			remoteInfo = app_cemig;
		};
/* End PBXContainerItemProxy section */

/* Begin PBXFileReference section */
		BBDB54172087834400C43C5D /* app_cemig.app */ = {isa = PBXFileReference; explicitFileType = wrapper.application; includeInIndex = 0; path = app_cemig.app; sourceTree = BUILT_PRODUCTS_DIR; };
		BBDB541A2087834400C43C5D /* AppDelegate.swift */ = {isa = PBXFileReference; lastKnownFileType = sourcecode.swift; path = AppDelegate.swift; sourceTree = "<group>"; };
		BBDB541C2087834400C43C5D /* ViewController.swift */ = {isa = PBXFileReference; lastKnownFileType = sourcecode.swift; path = ViewController.swift; sourceTree = "<group>"; };
		BBDB541F2087834400C43C5D /* Base */ = {isa = PBXFileReference; lastKnownFileType = file.storyboard; name = Base; path = Base.lproj/Main.storyboard; sourceTree = "<group>"; };
		BBDB54212087834700C43C5D /* Assets.xcassets */ = {isa = PBXFileReference; lastKnownFileType = folder.assetcatalog; path = Assets.xcassets; sourceTree = "<group>"; };
		BBDB54242087834700C43C5D /* Base */ = {isa = PBXFileReference; lastKnownFileType = file.storyboard; name = Base; path = Base.lproj/LaunchScreen.storyboard; sourceTree = "<group>"; };
		BBDB54262087834700C43C5D /* Info.plist */ = {isa = PBXFileReference; lastKnownFileType = text.plist.xml; path = Info.plist; sourceTree = "<group>"; };
		BBDB542B2087834700C43C5D /* app_cemigTests.xctest */ = {isa = PBXFileReference; explicitFileType = wrapper.cfbundle; includeInIndex = 0; path = app_cemigTests.xctest; sourceTree = BUILT_PRODUCTS_DIR; };
		BBDB542F2087834700C43C5D /* app_cemigTests.swift */ = {isa = PBXFileReference; lastKnownFileType = sourcecode.swift; path = app_cemigTests.swift; sourceTree = "<group>"; };
		BBDB54312087834700C43C5D /* Info.plist */ = {isa = PBXFileReference; lastKnownFileType = text.plist.xml; path = Info.plist; sourceTree = "<group>"; };
		BBDB54362087834700C43C5D /* app_cemigUITests.xctest */ = {isa = PBXFileReference; explicitFileType = wrapper.cfbundle; includeInIndex = 0; path = app_cemigUITests.xctest; sourceTree = BUILT_PRODUCTS_DIR; };
		BBDB543A2087834700C43C5D /* app_cemigUITests.swift */ = {isa = PBXFileReference; lastKnownFileType = sourcecode.swift; path = app_cemigUITests.swift; sourceTree = "<group>"; };
		BBDB543C2087834700C43C5D /* Info.plist */ = {isa = PBXFileReference; lastKnownFileType = text.plist.xml; path = Info.plist; sourceTree = "<group>"; };
/* End PBXFileReference section */

/* Begin PBXFrameworksBuildPhase section */
		BBDB54142087834400C43C5D /* Frameworks */ = {
			isa = PBXFrameworksBuildPhase;
			buildActionMask = 2147483647;
			files = (
			);
			runOnlyForDeploymentPostprocessing = 0;
		};
		BBDB54282087834700C43C5D /* Frameworks */ = {
			isa = PBXFrameworksBuildPhase;
			buildActionMask = 2147483647;
			files = (
			);
			runOnlyForDeploymentPostprocessing = 0;
		};
		BBDB54332087834700C43C5D /* Frameworks */ = {
			isa = PBXFrameworksBuildPhase;
			buildActionMask = 2147483647;
			files = (
			);
			runOnlyForDeploymentPostprocessing = 0;
		};
/* End PBXFrameworksBuildPhase section */

/* Begin PBXGroup section */
		BBDB540E2087834400C43C5D = {
			isa = PBXGroup;
			children = (
				BBDB54192087834400C43C5D /* app_cemig */,
				BBDB542E2087834700C43C5D /* app_cemigTests */,
				BBDB54392087834700C43C5D /* app_cemigUITests */,
				BBDB54182087834400C43C5D /* Products */,
			);
			sourceTree = "<group>";
		};
		BBDB54182087834400C43C5D /* Products */ = {
			isa = PBXGroup;
			children = (
				BBDB54172087834400C43C5D /* app_cemig.app */,
				BBDB542B2087834700C43C5D /* app_cemigTests.xctest */,
				BBDB54362087834700C43C5D /* app_cemigUITests.xctest */,
			);
			name = Products;
			sourceTree = "<group>";
		};
		BBDB54192087834400C43C5D /* app_cemig */ = {
			isa = PBXGroup;
			children = (
				BBDB541A2087834400C43C5D /* AppDelegate.swift */,
				BBDB541C2087834400C43C5D /* ViewController.swift */,
				BBDB541E2087834400C43C5D /* Main.storyboard */,
				BBDB54212087834700C43C5D /* Assets.xcassets */,
				BBDB54232087834700C43C5D /* LaunchScreen.storyboard */,
				BBDB54262087834700C43C5D /* Info.plist */,
			);
			path = app_cemig;
			sourceTree = "<group>";
		};
		BBDB542E2087834700C43C5D /* app_cemigTests */ = {
			isa = PBXGroup;
			children = (
				BBDB542F2087834700C43C5D /* app_cemigTests.swift */,
				BBDB54312087834700C43C5D /* Info.plist */,
			);
			path = app_cemigTests;
			sourceTree = "<group>";
		};
		BBDB54392087834700C43C5D /* app_cemigUITests */ = {
			isa = PBXGroup;
			children = (
				BBDB543A2087834700C43C5D /* app_cemigUITests.swift */,
				BBDB543C2087834700C43C5D /* Info.plist */,
			);
			path = app_cemigUITests;
			sourceTree = "<group>";
		};
/* End PBXGroup section */

/* Begin PBXNativeTarget section */
		BBDB54162087834400C43C5D /* app_cemig */ = {
			isa = PBXNativeTarget;
			buildConfigurationList = BBDB543F2087834700C43C5D /* Build configuration list for PBXNativeTarget "app_cemig" */;
			buildPhases = (
				BBDB54132087834400C43C5D /* Sources */,
				BBDB54142087834400C43C5D /* Frameworks */,
				BBDB54152087834400C43C5D /* Resources */,
			);
			buildRules = (
			);
			dependencies = (
			);
			name = app_cemig;
			productName = app_cemig;
			productReference = BBDB54172087834400C43C5D /* app_cemig.app */;
			productType = "com.apple.product-type.application";
		};
		BBDB542A2087834700C43C5D /* app_cemigTests */ = {
			isa = PBXNativeTarget;
			buildConfigurationList = BBDB54422087834700C43C5D /* Build configuration list for PBXNativeTarget "app_cemigTests" */;
			buildPhases = (
				BBDB54272087834700C43C5D /* Sources */,
				BBDB54282087834700C43C5D /* Frameworks */,
				BBDB54292087834700C43C5D /* Resources */,
			);
			buildRules = (
			);
			dependencies = (
				BBDB542D2087834700C43C5D /* PBXTargetDependency */,
			);
			name = app_cemigTests;
			productName = app_cemigTests;
			productReference = BBDB542B2087834700C43C5D /* app_cemigTests.xctest */;
			productType = "com.apple.product-type.bundle.unit-test";
		};
		BBDB54352087834700C43C5D /* app_cemigUITests */ = {
			isa = PBXNativeTarget;
			buildConfigurationList = BBDB54452087834700C43C5D /* Build configuration list for PBXNativeTarget "app_cemigUITests" */;
			buildPhases = (
				BBDB54322087834700C43C5D /* Sources */,
				BBDB54332087834700C43C5D /* Frameworks */,
				BBDB54342087834700C43C5D /* Resources */,
			);
			buildRules = (
			);
			dependencies = (
				BBDB54382087834700C43C5D /* PBXTargetDependency */,
			);
			name = app_cemigUITests;
			productName = app_cemigUITests;
			productReference = BBDB54362087834700C43C5D /* app_cemigUITests.xctest */;
			productType = "com.apple.product-type.bundle.ui-testing";
		};
/* End PBXNativeTarget section */

/* Begin PBXProject section */
		BBDB540F2087834400C43C5D /* Project object */ = {
			isa = PBXProject;
			attributes = {
				LastSwiftUpdateCheck = 0930;
				LastUpgradeCheck = 0930;
				ORGANIZATIONNAME = "Alaene Rufino de Sousa";
				TargetAttributes = {
					BBDB54162087834400C43C5D = {
						CreatedOnToolsVersion = 9.3;
					};
					BBDB542A2087834700C43C5D = {
						CreatedOnToolsVersion = 9.3;
						TestTargetID = BBDB54162087834400C43C5D;
					};
					BBDB54352087834700C43C5D = {
						CreatedOnToolsVersion = 9.3;
						TestTargetID = BBDB54162087834400C43C5D;
					};
				};
			};
			buildConfigurationList = BBDB54122087834400C43C5D /* Build configuration list for PBXProject "app_cemig" */;
			compatibilityVersion = "Xcode 9.3";
			developmentRegion = en;
			hasScannedForEncodings = 0;
			knownRegions = (
				en,
				Base,
			);
			mainGroup = BBDB540E2087834400C43C5D;
			productRefGroup = BBDB54182087834400C43C5D /* Products */;
			projectDirPath = "";
			projectRoot = "";
			targets = (
				BBDB54162087834400C43C5D /* app_cemig */,
				BBDB542A2087834700C43C5D /* app_cemigTests */,
				BBDB54352087834700C43C5D /* app_cemigUITests */,
			);
		};
/* End PBXProject section */

/* Begin PBXResourcesBuildPhase section */
		BBDB54152087834400C43C5D /* Resources */ = {
			isa = PBXResourcesBuildPhase;
			buildActionMask = 2147483647;
			files = (
				BBDB54252087834700C43C5D /* LaunchScreen.storyboard in Resources */,
				BBDB54222087834700C43C5D /* Assets.xcassets in Resources */,
				BBDB54202087834400C43C5D /* Main.storyboard in Resources */,
			);
			runOnlyForDeploymentPostprocessing = 0;
		};
		BBDB54292087834700C43C5D /* Resources */ = {
			isa = PBXResourcesBuildPhase;
			buildActionMask = 2147483647;
			files = (
			);
			runOnlyForDeploymentPostprocessing = 0;
		};
		BBDB54342087834700C43C5D /* Resources */ = {
			isa = PBXResourcesBuildPhase;
			buildActionMask = 2147483647;
			files = (
			);
			runOnlyForDeploymentPostprocessing = 0;
		};
/* End PBXResourcesBuildPhase section */

/* Begin PBXSourcesBuildPhase section */
		BBDB54132087834400C43C5D /* Sources */ = {
			isa = PBXSourcesBuildPhase;
			buildActionMask = 2147483647;
			files = (
				BBDB541D2087834400C43C5D /* ViewController.swift in Sources */,
				BBDB541B2087834400C43C5D /* AppDelegate.swift in Sources */,
			);
			runOnlyForDeploymentPostprocessing = 0;
		};
		BBDB54272087834700C43C5D /* Sources */ = {
			isa = PBXSourcesBuildPhase;
			buildActionMask = 2147483647;
			files = (
				BBDB54302087834700C43C5D /* app_cemigTests.swift in Sources */,
			);
			runOnlyForDeploymentPostprocessing = 0;
		};
		BBDB54322087834700C43C5D /* Sources */ = {
			isa = PBXSourcesBuildPhase;
			buildActionMask = 2147483647;
			files = (
				BBDB543B2087834700C43C5D /* app_cemigUITests.swift in Sources */,
			);
			runOnlyForDeploymentPostprocessing = 0;
		};
/* End PBXSourcesBuildPhase section */

/* Begin PBXTargetDependency section */
		BBDB542D2087834700C43C5D /* PBXTargetDependency */ = {
			isa = PBXTargetDependency;
			target = BBDB54162087834400C43C5D /* app_cemig */;
			targetProxy = BBDB542C2087834700C43C5D /* PBXContainerItemProxy */;
		};
		BBDB54382087834700C43C5D /* PBXTargetDependency */ = {
			isa = PBXTargetDependency;
			target = BBDB54162087834400C43C5D /* app_cemig */;
			targetProxy = BBDB54372087834700C43C5D /* PBXContainerItemProxy */;
		};
/* End PBXTargetDependency section */

/* Begin PBXVariantGroup section */
		BBDB541E2087834400C43C5D /* Main.storyboard */ = {
			isa = PBXVariantGroup;
			children = (
				BBDB541F2087834400C43C5D /* Base */,
			);
			name = Main.storyboard;
			sourceTree = "<group>";
		};
		BBDB54232087834700C43C5D /* LaunchScreen.storyboard */ = {
			isa = PBXVariantGroup;
			children = (
				BBDB54242087834700C43C5D /* Base */,
			);
			name = LaunchScreen.storyboard;
			sourceTree = "<group>";
		};
/* End PBXVariantGroup section */

/* Begin XCBuildConfiguration section */
		BBDB543D2087834700C43C5D /* Debug */ = {
			isa = XCBuildConfiguration;
			buildSettings = {
				ALWAYS_SEARCH_USER_PATHS = NO;
				CLANG_ANALYZER_NONNULL = YES;
				CLANG_ANALYZER_NUMBER_OBJECT_CONVERSION = YES_AGGRESSIVE;
				CLANG_CXX_LANGUAGE_STANDARD = "gnu++14";
				CLANG_CXX_LIBRARY = "libc++";
				CLANG_ENABLE_MODULES = YES;
				CLANG_ENABLE_OBJC_ARC = YES;
				CLANG_ENABLE_OBJC_WEAK = YES;
				CLANG_WARN_BLOCK_CAPTURE_AUTORELEASING = YES;
				CLANG_WARN_BOOL_CONVERSION = YES;
				CLANG_WARN_COMMA = YES;
				CLANG_WARN_CONSTANT_CONVERSION = YES;
				CLANG_WARN_DEPRECATED_OBJC_IMPLEMENTATIONS = YES;
				CLANG_WARN_DIRECT_OBJC_ISA_USAGE = YES_ERROR;
				CLANG_WARN_DOCUMENTATION_COMMENTS = YES;
				CLANG_WARN_EMPTY_BODY = YES;
				CLANG_WARN_ENUM_CONVERSION = YES;
				CLANG_WARN_INFINITE_RECURSION = YES;
				CLANG_WARN_INT_CONVERSION = YES;
				CLANG_WARN_NON_LITERAL_NULL_CONVERSION = YES;
				CLANG_WARN_OBJC_IMPLICIT_RETAIN_SELF = YES;
				CLANG_WARN_OBJC_LITERAL_CONVERSION = YES;
				CLANG_WARN_OBJC_ROOT_CLASS = YES_ERROR;
				CLANG_WARN_RANGE_LOOP_ANALYSIS = YES;
				CLANG_WARN_STRICT_PROTOTYPES = YES;
				CLANG_WARN_SUSPICIOUS_MOVE = YES;
				CLANG_WARN_UNGUARDED_AVAILABILITY = YES_AGGRESSIVE;
				CLANG_WARN_UNREACHABLE_CODE = YES;
				CLANG_WARN__DUPLICATE_METHOD_MATCH = YES;
				CODE_SIGN_IDENTITY = "iPhone Developer";
				COPY_PHASE_STRIP = NO;
				DEBUG_INFORMATION_FORMAT = dwarf;
				ENABLE_STRICT_OBJC_MSGSEND = YES;
				ENABLE_TESTABILITY = YES;
				GCC_C_LANGUAGE_STANDARD = gnu11;
				GCC_DYNAMIC_NO_PIC = NO;
				GCC_NO_COMMON_BLOCKS = YES;
				GCC_OPTIMIZATION_LEVEL = 0;
				GCC_PREPROCESSOR_DEFINITIONS = (
					"DEBUG=1",
					"$(inherited)",
				);
				GCC_WARN_64_TO_32_BIT_CONVERSION = YES;
				GCC_WARN_ABOUT_RETURN_TYPE = YES_ERROR;
				GCC_WARN_UNDECLARED_SELECTOR = YES;
				GCC_WARN_UNINITIALIZED_AUTOS = YES_AGGRESSIVE;
				GCC_WARN_UNUSED_FUNCTION = YES;
				GCC_WARN_UNUSED_VARIABLE = YES;
				IPHONEOS_DEPLOYMENT_TARGET = 11.3;
				MTL_ENABLE_DEBUG_INFO = YES;
				ONLY_ACTIVE_ARCH = YES;
				SDKROOT = iphoneos;
				SWIFT_ACTIVE_COMPILATION_CONDITIONS = DEBUG;
				SWIFT_OPTIMIZATION_LEVEL = "-Onone";
			};
			name = Debug;
		};
		BBDB543E2087834700C43C5D /* Release */ = {
			isa = XCBuildConfiguration;
			buildSettings = {
				ALWAYS_SEARCH_USER_PATHS = NO;
				CLANG_ANALYZER_NONNULL = YES;
				CLANG_ANALYZER_NUMBER_OBJECT_CONVERSION = YES_AGGRESSIVE;
				CLANG_CXX_LANGUAGE_STANDARD = "gnu++14";
				CLANG_CXX_LIBRARY = "libc++";
				CLANG_ENABLE_MODULES = YES;
				CLANG_ENABLE_OBJC_ARC = YES;
				CLANG_ENABLE_OBJC_WEAK = YES;
				CLANG_WARN_BLOCK_CAPTURE_AUTORELEASING = YES;
				CLANG_WARN_BOOL_CONVERSION = YES;
				CLANG_WARN_COMMA = YES;
				CLANG_WARN_CONSTANT_CONVERSION = YES;
				CLANG_WARN_DEPRECATED_OBJC_IMPLEMENTATIONS = YES;
				CLANG_WARN_DIRECT_OBJC_ISA_USAGE = YES_ERROR;
				CLANG_WARN_DOCUMENTATION_COMMENTS = YES;
				CLANG_WARN_EMPTY_BODY = YES;
				CLANG_WARN_ENUM_CONVERSION = YES;
				CLANG_WARN_INFINITE_RECURSION = YES;
				CLANG_WARN_INT_CONVERSION = YES;
				CLANG_WARN_NON_LITERAL_NULL_CONVERSION = YES;
				CLANG_WARN_OBJC_IMPLICIT_RETAIN_SELF = YES;
				CLANG_WARN_OBJC_LITERAL_CONVERSION = YES;
				CLANG_WARN_OBJC_ROOT_CLASS = YES_ERROR;
				CLANG_WARN_RANGE_LOOP_ANALYSIS = YES;
				CLANG_WARN_STRICT_PROTOTYPES = YES;
				CLANG_WARN_SUSPICIOUS_MOVE = YES;
				CLANG_WARN_UNGUARDED_AVAILABILITY = YES_AGGRESSIVE;
				CLANG_WARN_UNREACHABLE_CODE = YES;
				CLANG_WARN__DUPLICATE_METHOD_MATCH = YES;
				CODE_SIGN_IDENTITY = "iPhone Developer";
				COPY_PHASE_STRIP = NO;
				DEBUG_INFORMATION_FORMAT = "dwarf-with-dsym";
				ENABLE_NS_ASSERTIONS = NO;
				ENABLE_STRICT_OBJC_MSGSEND = YES;
				GCC_C_LANGUAGE_STANDARD = gnu11;
				GCC_NO_COMMON_BLOCKS = YES;
				GCC_WARN_64_TO_32_BIT_CONVERSION = YES;
				GCC_WARN_ABOUT_RETURN_TYPE = YES_ERROR;
				GCC_WARN_UNDECLARED_SELECTOR = YES;
				GCC_WARN_UNINITIALIZED_AUTOS = YES_AGGRESSIVE;
				GCC_WARN_UNUSED_FUNCTION = YES;
				GCC_WARN_UNUSED_VARIABLE = YES;
				IPHONEOS_DEPLOYMENT_TARGET = 11.3;
				MTL_ENABLE_DEBUG_INFO = NO;
				SDKROOT = iphoneos;
				SWIFT_COMPILATION_MODE = wholemodule;
				SWIFT_OPTIMIZATION_LEVEL = "-O";
				VALIDATE_PRODUCT = YES;
			};
			name = Release;
		};
		BBDB54402087834700C43C5D /* Debug */ = {
			isa = XCBuildConfiguration;
			buildSettings = {
				ASSETCATALOG_COMPILER_APPICON_NAME = AppIcon;
				CODE_SIGN_STYLE = Automatic;
				DEVELOPMENT_TEAM = 4A8CWCR5M6;
				INFOPLIST_FILE = app_cemig/Info.plist;
				LD_RUNPATH_SEARCH_PATHS = (
					"$(inherited)",
					"@executable_path/Frameworks",
				);
				PRODUCT_BUNDLE_IDENTIFIER = "ars.app-cemig";
				PRODUCT_NAME = "$(TARGET_NAME)";
				SWIFT_VERSION = 4.0;
				TARGETED_DEVICE_FAMILY = "1,2";
			};
			name = Debug;
		};
		BBDB54412087834700C43C5D /* Release */ = {
			isa = XCBuildConfiguration;
			buildSettings = {
				ASSETCATALOG_COMPILER_APPICON_NAME = AppIcon;
				CODE_SIGN_STYLE = Automatic;
				DEVELOPMENT_TEAM = 4A8CWCR5M6;
				INFOPLIST_FILE = app_cemig/Info.plist;
				LD_RUNPATH_SEARCH_PATHS = (
					"$(inherited)",
					"@executable_path/Frameworks",
				);
				PRODUCT_BUNDLE_IDENTIFIER = "ars.app-cemig";
				PRODUCT_NAME = "$(TARGET_NAME)";
				SWIFT_VERSION = 4.0;
				TARGETED_DEVICE_FAMILY = "1,2";
			};
			name = Release;
		};
		BBDB54432087834700C43C5D /* Debug */ = {
			isa = XCBuildConfiguration;
			buildSettings = {
				ALWAYS_EMBED_SWIFT_STANDARD_LIBRARIES = YES;
				BUNDLE_LOADER = "$(TEST_HOST)";
				CODE_SIGN_STYLE = Automatic;
				DEVELOPMENT_TEAM = 4A8CWCR5M6;
				INFOPLIST_FILE = app_cemigTests/Info.plist;
				LD_RUNPATH_SEARCH_PATHS = (
					"$(inherited)",
					"@executable_path/Frameworks",
					"@loader_path/Frameworks",
				);
				PRODUCT_BUNDLE_IDENTIFIER = "ars.app-cemigTests";
				PRODUCT_NAME = "$(TARGET_NAME)";
				SWIFT_VERSION = 4.0;
				TARGETED_DEVICE_FAMILY = "1,2";
				TEST_HOST = "$(BUILT_PRODUCTS_DIR)/app_cemig.app/app_cemig";
			};
			name = Debug;
		};
		BBDB54442087834700C43C5D /* Release */ = {
			isa = XCBuildConfiguration;
			buildSettings = {
				ALWAYS_EMBED_SWIFT_STANDARD_LIBRARIES = YES;
				BUNDLE_LOADER = "$(TEST_HOST)";
				CODE_SIGN_STYLE = Automatic;
				DEVELOPMENT_TEAM = 4A8CWCR5M6;
				INFOPLIST_FILE = app_cemigTests/Info.plist;
				LD_RUNPATH_SEARCH_PATHS = (
					"$(inherited)",
					"@executable_path/Frameworks",
					"@loader_path/Frameworks",
				);
				PRODUCT_BUNDLE_IDENTIFIER = "ars.app-cemigTests";
				PRODUCT_NAME = "$(TARGET_NAME)";
				SWIFT_VERSION = 4.0;
				TARGETED_DEVICE_FAMILY = "1,2";
				TEST_HOST = "$(BUILT_PRODUCTS_DIR)/app_cemig.app/app_cemig";
			};
			name = Release;
		};
		BBDB54462087834700C43C5D /* Debug */ = {
			isa = XCBuildConfiguration;
			buildSettings = {
				ALWAYS_EMBED_SWIFT_STANDARD_LIBRARIES = YES;
				CODE_SIGN_STYLE = Automatic;
				DEVELOPMENT_TEAM = 4A8CWCR5M6;
				INFOPLIST_FILE = app_cemigUITests/Info.plist;
				LD_RUNPATH_SEARCH_PATHS = (
					"$(inherited)",
					"@executable_path/Frameworks",
					"@loader_path/Frameworks",
				);
				PRODUCT_BUNDLE_IDENTIFIER = "ars.app-cemigUITests";
				PRODUCT_NAME = "$(TARGET_NAME)";
				SWIFT_VERSION = 4.0;
				TARGETED_DEVICE_FAMILY = "1,2";
				TEST_TARGET_NAME = app_cemig;
			};
			name = Debug;
		};
		BBDB54472087834700C43C5D /* Release */ = {
			isa = XCBuildConfiguration;
			buildSettings = {
				ALWAYS_EMBED_SWIFT_STANDARD_LIBRARIES = YES;
				CODE_SIGN_STYLE = Automatic;
				DEVELOPMENT_TEAM = 4A8CWCR5M6;
				INFOPLIST_FILE = app_cemigUITests/Info.plist;
				LD_RUNPATH_SEARCH_PATHS = (
					"$(inherited)",
					"@executable_path/Frameworks",
					"@loader_path/Frameworks",
				);
				PRODUCT_BUNDLE_IDENTIFIER = "ars.app-cemigUITests";
				PRODUCT_NAME = "$(TARGET_NAME)";
				SWIFT_VERSION = 4.0;
				TARGETED_DEVICE_FAMILY = "1,2";
				TEST_TARGET_NAME = app_cemig;
			};
			name = Release;
		};
/* End XCBuildConfiguration section */

/* Begin XCConfigurationList section */
		BBDB54122087834400C43C5D /* Build configuration list for PBXProject "app_cemig" */ = {
			isa = XCConfigurationList;
			buildConfigurations = (
				BBDB543D2087834700C43C5D /* Debug */,
				BBDB543E2087834700C43C5D /* Release */,
			);
			defaultConfigurationIsVisible = 0;
			defaultConfigurationName = Release;
		};
		BBDB543F2087834700C43C5D /* Build configuration list for PBXNativeTarget "app_cemig" */ = {
			isa = XCConfigurationList;
			buildConfigurations = (
				BBDB54402087834700C43C5D /* Debug */,
				BBDB54412087834700C43C5D /* Release */,
			);
			defaultConfigurationIsVisible = 0;
			defaultConfigurationName = Release;
		};
		BBDB54422087834700C43C5D /* Build configuration list for PBXNativeTarget "app_cemigTests" */ = {
			isa = XCConfigurationList;
			buildConfigurations = (
				BBDB54432087834700C43C5D /* Debug */,
				BBDB54442087834700C43C5D /* Release */,
			);
			defaultConfigurationIsVisible = 0;
			defaultConfigurationName = Release;
		};
		BBDB54452087834700C43C5D /* Build configuration list for PBXNativeTarget "app_cemigUITests" */ = {
			isa = XCConfigurationList;
			buildConfigurations = (
				BBDB54462087834700C43C5D /* Debug */,
				BBDB54472087834700C43C5D /* Release */,
			);
			defaultConfigurationIsVisible = 0;
			defaultConfigurationName = Release;
		};
/* End XCConfigurationList section */
	};
	rootObject = BBDB540F2087834400C43C5D /* Project object */;
}
